// !$*UTF8*$!
{
	archiveVersion = 1;
	classes = {
	};
	objectVersion = 56;
	objects = {

/* Begin PBXBuildFile section */
		13F16A67961EB3F4F778DC2B /* Pods_RealmUIkitApp.framework in Frameworks */ = {isa = PBXBuildFile; fileRef = 3D4B0BFD76636F8D98E81E12 /* Pods_RealmUIkitApp.framework */; };
		7FA2070C2C32F51400006189 /* AppDelegate.swift in Sources */ = {isa = PBXBuildFile; fileRef = 7FA2070B2C32F51400006189 /* AppDelegate.swift */; };
		7FA2070E2C32F51400006189 /* SceneDelegate.swift in Sources */ = {isa = PBXBuildFile; fileRef = 7FA2070D2C32F51400006189 /* SceneDelegate.swift */; };
		7FA207102C32F51400006189 /* ViewController.swift in Sources */ = {isa = PBXBuildFile; fileRef = 7FA2070F2C32F51400006189 /* ViewController.swift */; };
		7FA207132C32F51400006189 /* Main.storyboard in Resources */ = {isa = PBXBuildFile; fileRef = 7FA207112C32F51400006189 /* Main.storyboard */; };
		7FA207152C32F51800006189 /* Assets.xcassets in Resources */ = {isa = PBXBuildFile; fileRef = 7FA207142C32F51800006189 /* Assets.xcassets */; };
		7FA207182C32F51800006189 /* LaunchScreen.storyboard in Resources */ = {isa = PBXBuildFile; fileRef = 7FA207162C32F51800006189 /* LaunchScreen.storyboard */; };
		7FA207252C32FCB600006189 /* Person.swift in Sources */ = {isa = PBXBuildFile; fileRef = 7FA207242C32FCB600006189 /* Person.swift */; };
		7FA207292C3306E200006189 /* Group.swift in Sources */ = {isa = PBXBuildFile; fileRef = 7FA207282C3306E200006189 /* Group.swift */; };
		7FA2072B2C33094400006189 /* DataManager.swift in Sources */ = {isa = PBXBuildFile; fileRef = 7FA2072A2C33094400006189 /* DataManager.swift */; };
/* End PBXBuildFile section */

/* Begin PBXCopyFilesBuildPhase section */
		7FA207272C32FF8800006189 /* Embed Frameworks */ = {
			isa = PBXCopyFilesBuildPhase;
			buildActionMask = 2147483647;
			dstPath = "";
			dstSubfolderSpec = 10;
			files = (
			);
			name = "Embed Frameworks";
			runOnlyForDeploymentPostprocessing = 0;
		};
/* End PBXCopyFilesBuildPhase section */

/* Begin PBXFileReference section */
		3D4B0BFD76636F8D98E81E12 /* Pods_RealmUIkitApp.framework */ = {isa = PBXFileReference; explicitFileType = wrapper.framework; includeInIndex = 0; path = Pods_RealmUIkitApp.framework; sourceTree = BUILT_PRODUCTS_DIR; };
		53B76ACEF15805DCB298994A /* Pods-RealmUIkitApp.debug.xcconfig */ = {isa = PBXFileReference; includeInIndex = 1; lastKnownFileType = text.xcconfig; name = "Pods-RealmUIkitApp.debug.xcconfig"; path = "Target Support Files/Pods-RealmUIkitApp/Pods-RealmUIkitApp.debug.xcconfig"; sourceTree = "<group>"; };
		7FA207082C32F51400006189 /* RealmUIkitApp.app */ = {isa = PBXFileReference; explicitFileType = wrapper.application; includeInIndex = 0; path = RealmUIkitApp.app; sourceTree = BUILT_PRODUCTS_DIR; };
		7FA2070B2C32F51400006189 /* AppDelegate.swift */ = {isa = PBXFileReference; lastKnownFileType = sourcecode.swift; path = AppDelegate.swift; sourceTree = "<group>"; };
		7FA2070D2C32F51400006189 /* SceneDelegate.swift */ = {isa = PBXFileReference; lastKnownFileType = sourcecode.swift; path = SceneDelegate.swift; sourceTree = "<group>"; };
		7FA2070F2C32F51400006189 /* ViewController.swift */ = {isa = PBXFileReference; lastKnownFileType = sourcecode.swift; path = ViewController.swift; sourceTree = "<group>"; };
		7FA207122C32F51400006189 /* Base */ = {isa = PBXFileReference; lastKnownFileType = file.storyboard; name = Base; path = Base.lproj/Main.storyboard; sourceTree = "<group>"; };
		7FA207142C32F51800006189 /* Assets.xcassets */ = {isa = PBXFileReference; lastKnownFileType = folder.assetcatalog; path = Assets.xcassets; sourceTree = "<group>"; };
		7FA207172C32F51800006189 /* Base */ = {isa = PBXFileReference; lastKnownFileType = file.storyboard; name = Base; path = Base.lproj/LaunchScreen.storyboard; sourceTree = "<group>"; };
		7FA207192C32F51800006189 /* Info.plist */ = {isa = PBXFileReference; lastKnownFileType = text.plist.xml; path = Info.plist; sourceTree = "<group>"; };
		7FA207242C32FCB600006189 /* Person.swift */ = {isa = PBXFileReference; lastKnownFileType = sourcecode.swift; path = Person.swift; sourceTree = "<group>"; };
		7FA207282C3306E200006189 /* Group.swift */ = {isa = PBXFileReference; lastKnownFileType = sourcecode.swift; path = Group.swift; sourceTree = "<group>"; };
		7FA2072A2C33094400006189 /* DataManager.swift */ = {isa = PBXFileReference; lastKnownFileType = sourcecode.swift; path = DataManager.swift; sourceTree = "<group>"; };
		F0F4C8730DCFDF69F6DC8F04 /* Pods-RealmUIkitApp.release.xcconfig */ = {isa = PBXFileReference; includeInIndex = 1; lastKnownFileType = text.xcconfig; name = "Pods-RealmUIkitApp.release.xcconfig"; path = "Target Support Files/Pods-RealmUIkitApp/Pods-RealmUIkitApp.release.xcconfig"; sourceTree = "<group>"; };
/* End PBXFileReference section */

/* Begin PBXFrameworksBuildPhase section */
		7FA207052C32F51400006189 /* Frameworks */ = {
			isa = PBXFrameworksBuildPhase;
			buildActionMask = 2147483647;
			files = (
				13F16A67961EB3F4F778DC2B /* Pods_RealmUIkitApp.framework in Frameworks */,
			);
			runOnlyForDeploymentPostprocessing = 0;
		};
/* End PBXFrameworksBuildPhase section */

/* Begin PBXGroup section */
		7F8F0BDB0CD301D85531636E /* Frameworks */ = {
			isa = PBXGroup;
			children = (
				3D4B0BFD76636F8D98E81E12 /* Pods_RealmUIkitApp.framework */,
			);
			name = Frameworks;
			sourceTree = "<group>";
		};
		7FA206FF2C32F51400006189 = {
			isa = PBXGroup;
			children = (
				7FA2070A2C32F51400006189 /* RealmUIkitApp */,
				7FA207092C32F51400006189 /* Products */,
				DB2B83A97AE086CC068F5B09 /* Pods */,
				7F8F0BDB0CD301D85531636E /* Frameworks */,
			);
			sourceTree = "<group>";
		};
		7FA207092C32F51400006189 /* Products */ = {
			isa = PBXGroup;
			children = (
				7FA207082C32F51400006189 /* RealmUIkitApp.app */,
			);
			name = Products;
			sourceTree = "<group>";
		};
		7FA2070A2C32F51400006189 /* RealmUIkitApp */ = {
			isa = PBXGroup;
			children = (
				7FA2070B2C32F51400006189 /* AppDelegate.swift */,
				7FA2070D2C32F51400006189 /* SceneDelegate.swift */,
				7FA2070F2C32F51400006189 /* ViewController.swift */,
				7FA207112C32F51400006189 /* Main.storyboard */,
				7FA207142C32F51800006189 /* Assets.xcassets */,
				7FA207162C32F51800006189 /* LaunchScreen.storyboard */,
				7FA207192C32F51800006189 /* Info.plist */,
				7FA207242C32FCB600006189 /* Person.swift */,
				7FA207282C3306E200006189 /* Group.swift */,
				7FA2072A2C33094400006189 /* DataManager.swift */,
			);
			path = RealmUIkitApp;
			sourceTree = "<group>";
		};
		DB2B83A97AE086CC068F5B09 /* Pods */ = {
			isa = PBXGroup;
			children = (
				53B76ACEF15805DCB298994A /* Pods-RealmUIkitApp.debug.xcconfig */,
				F0F4C8730DCFDF69F6DC8F04 /* Pods-RealmUIkitApp.release.xcconfig */,
			);
			path = Pods;
			sourceTree = "<group>";
		};
/* End PBXGroup section */

/* Begin PBXNativeTarget section */
		7FA207072C32F51400006189 /* RealmUIkitApp */ = {
			isa = PBXNativeTarget;
			buildConfigurationList = 7FA2071C2C32F51800006189 /* Build configuration list for PBXNativeTarget "RealmUIkitApp" */;
			buildPhases = (
				1564227760C3C40D73B1CC03 /* [CP] Check Pods Manifest.lock */,
				7FA207042C32F51400006189 /* Sources */,
				7FA207052C32F51400006189 /* Frameworks */,
				7FA207062C32F51400006189 /* Resources */,
				7FA207272C32FF8800006189 /* Embed Frameworks */,
				2DA25885C79FB9C15530CDB7 /* [CP] Embed Pods Frameworks */,
			);
			buildRules = (
			);
			dependencies = (
			);
			name = RealmUIkitApp;
			productName = RealmUIkitApp;
			productReference = 7FA207082C32F51400006189 /* RealmUIkitApp.app */;
			productType = "com.apple.product-type.application";
		};
/* End PBXNativeTarget section */

/* Begin PBXProject section */
		7FA207002C32F51400006189 /* Project object */ = {
			isa = PBXProject;
			attributes = {
				BuildIndependentTargetsInParallel = 1;
				LastSwiftUpdateCheck = 1500;
				LastUpgradeCheck = 1500;
				TargetAttributes = {
					7FA207072C32F51400006189 = {
						CreatedOnToolsVersion = 15.0.1;
					};
				};
			};
			buildConfigurationList = 7FA207032C32F51400006189 /* Build configuration list for PBXProject "RealmUIkitApp" */;
			compatibilityVersion = "Xcode 14.0";
			developmentRegion = en;
			hasScannedForEncodings = 0;
			knownRegions = (
				en,
				Base,
			);
			mainGroup = 7FA206FF2C32F51400006189;
			packageReferences = (
				7FA2071F2C32F82800006189 /* XCRemoteSwiftPackageReference "realm-swift" */,
			);
			productRefGroup = 7FA207092C32F51400006189 /* Products */;
			projectDirPath = "";
			projectRoot = "";
			targets = (
				7FA207072C32F51400006189 /* RealmUIkitApp */,
			);
		};
/* End PBXProject section */

/* Begin PBXResourcesBuildPhase section */
		7FA207062C32F51400006189 /* Resources */ = {
			isa = PBXResourcesBuildPhase;
			buildActionMask = 2147483647;
			files = (
				7FA207182C32F51800006189 /* LaunchScreen.storyboard in Resources */,
				7FA207152C32F51800006189 /* Assets.xcassets in Resources */,
				7FA207132C32F51400006189 /* Main.storyboard in Resources */,
			);
			runOnlyForDeploymentPostprocessing = 0;
		};
/* End PBXResourcesBuildPhase section */

/* Begin PBXShellScriptBuildPhase section */
		1564227760C3C40D73B1CC03 /* [CP] Check Pods Manifest.lock */ = {
			isa = PBXShellScriptBuildPhase;
			buildActionMask = 2147483647;
			files = (
			);
			inputFileListPaths = (
			);
			inputPaths = (
				"${PODS_PODFILE_DIR_PATH}/Podfile.lock",
				"${PODS_ROOT}/Manifest.lock",
			);
			name = "[CP] Check Pods Manifest.lock";
			outputFileListPaths = (
			);
			outputPaths = (
				"$(DERIVED_FILE_DIR)/Pods-RealmUIkitApp-checkManifestLockResult.txt",
			);
			runOnlyForDeploymentPostprocessing = 0;
			shellPath = /bin/sh;
			shellScript = "diff \"${PODS_PODFILE_DIR_PATH}/Podfile.lock\" \"${PODS_ROOT}/Manifest.lock\" > /dev/null\nif [ $? != 0 ] ; then\n    # print error to STDERR\n    echo \"error: The sandbox is not in sync with the Podfile.lock. Run 'pod install' or update your CocoaPods installation.\" >&2\n    exit 1\nfi\n# This output is used by Xcode 'outputs' to avoid re-running this script phase.\necho \"SUCCESS\" > \"${SCRIPT_OUTPUT_FILE_0}\"\n";
			showEnvVarsInLog = 0;
		};
		2DA25885C79FB9C15530CDB7 /* [CP] Embed Pods Frameworks */ = {
			isa = PBXShellScriptBuildPhase;
			buildActionMask = 2147483647;
			files = (
			);
			inputFileListPaths = (
				"${PODS_ROOT}/Target Support Files/Pods-RealmUIkitApp/Pods-RealmUIkitApp-frameworks-${CONFIGURATION}-input-files.xcfilelist",
			);
			name = "[CP] Embed Pods Frameworks";
			outputFileListPaths = (
				"${PODS_ROOT}/Target Support Files/Pods-RealmUIkitApp/Pods-RealmUIkitApp-frameworks-${CONFIGURATION}-output-files.xcfilelist",
			);
			runOnlyForDeploymentPostprocessing = 0;
			shellPath = /bin/sh;
			shellScript = "\"${PODS_ROOT}/Target Support Files/Pods-RealmUIkitApp/Pods-RealmUIkitApp-frameworks.sh\"\n";
			showEnvVarsInLog = 0;
		};
/* End PBXShellScriptBuildPhase section */

/* Begin PBXSourcesBuildPhase section */
		7FA207042C32F51400006189 /* Sources */ = {
			isa = PBXSourcesBuildPhase;
			buildActionMask = 2147483647;
			files = (
				7FA207102C32F51400006189 /* ViewController.swift in Sources */,
				7FA2072B2C33094400006189 /* DataManager.swift in Sources */,
				7FA2070C2C32F51400006189 /* AppDelegate.swift in Sources */,
				7FA207252C32FCB600006189 /* Person.swift in Sources */,
				7FA207292C3306E200006189 /* Group.swift in Sources */,
				7FA2070E2C32F51400006189 /* SceneDelegate.swift in Sources */,
			);
			runOnlyForDeploymentPostprocessing = 0;
		};
/* End PBXSourcesBuildPhase section */

/* Begin PBXVariantGroup section */
		7FA207112C32F51400006189 /* Main.storyboard */ = {
			isa = PBXVariantGroup;
			children = (
				7FA207122C32F51400006189 /* Base */,
			);
			name = Main.storyboard;
			sourceTree = "<group>";
		};
		7FA207162C32F51800006189 /* LaunchScreen.storyboard */ = {
			isa = PBXVariantGroup;
			children = (
				7FA207172C32F51800006189 /* Base */,
			);
			name = LaunchScreen.storyboard;
			sourceTree = "<group>";
		};
/* End PBXVariantGroup section */

/* Begin XCBuildConfiguration section */
		7FA2071A2C32F51800006189 /* Debug */ = {
			isa = XCBuildConfiguration;
			buildSettings = {
				ALWAYS_SEARCH_USER_PATHS = NO;
				ASSETCATALOG_COMPILER_GENERATE_SWIFT_ASSET_SYMBOL_EXTENSIONS = YES;
				CLANG_ANALYZER_NONNULL = YES;
				CLANG_ANALYZER_NUMBER_OBJECT_CONVERSION = YES_AGGRESSIVE;
				CLANG_CXX_LANGUAGE_STANDARD = "gnu++20";
				CLANG_ENABLE_MODULES = YES;
				CLANG_ENABLE_OBJC_ARC = YES;
				CLANG_ENABLE_OBJC_WEAK = YES;
				CLANG_WARN_BLOCK_CAPTURE_AUTORELEASING = YES;
				CLANG_WARN_BOOL_CONVERSION = YES;
				CLANG_WARN_COMMA = YES;
				CLANG_WARN_CONSTANT_CONVERSION = YES;
				CLANG_WARN_DEPRECATED_OBJC_IMPLEMENTATIONS = YES;
				CLANG_WARN_DIRECT_OBJC_ISA_USAGE = YES_ERROR;
				CLANG_WARN_DOCUMENTATION_COMMENTS = YES;
				CLANG_WARN_EMPTY_BODY = YES;
				CLANG_WARN_ENUM_CONVERSION = YES;
				CLANG_WARN_INFINITE_RECURSION = YES;
				CLANG_WARN_INT_CONVERSION = YES;
				CLANG_WARN_NON_LITERAL_NULL_CONVERSION = YES;
				CLANG_WARN_OBJC_IMPLICIT_RETAIN_SELF = YES;
				CLANG_WARN_OBJC_LITERAL_CONVERSION = YES;
				CLANG_WARN_OBJC_ROOT_CLASS = YES_ERROR;
				CLANG_WARN_QUOTED_INCLUDE_IN_FRAMEWORK_HEADER = YES;
				CLANG_WARN_RANGE_LOOP_ANALYSIS = YES;
				CLANG_WARN_STRICT_PROTOTYPES = YES;
				CLANG_WARN_SUSPICIOUS_MOVE = YES;
				CLANG_WARN_UNGUARDED_AVAILABILITY = YES_AGGRESSIVE;
				CLANG_WARN_UNREACHABLE_CODE = YES;
				CLANG_WARN__DUPLICATE_METHOD_MATCH = YES;
				COPY_PHASE_STRIP = NO;
				DEBUG_INFORMATION_FORMAT = dwarf;
				ENABLE_STRICT_OBJC_MSGSEND = YES;
				ENABLE_TESTABILITY = YES;
				ENABLE_USER_SCRIPT_SANDBOXING = YES;
				GCC_C_LANGUAGE_STANDARD = gnu17;
				GCC_DYNAMIC_NO_PIC = NO;
				GCC_NO_COMMON_BLOCKS = YES;
				GCC_OPTIMIZATION_LEVEL = 0;
				GCC_PREPROCESSOR_DEFINITIONS = (
					"DEBUG=1",
					"$(inherited)",
				);
				GCC_WARN_64_TO_32_BIT_CONVERSION = YES;
				GCC_WARN_ABOUT_RETURN_TYPE = YES_ERROR;
				GCC_WARN_UNDECLARED_SELECTOR = YES;
				GCC_WARN_UNINITIALIZED_AUTOS = YES_AGGRESSIVE;
				GCC_WARN_UNUSED_FUNCTION = YES;
				GCC_WARN_UNUSED_VARIABLE = YES;
				IPHONEOS_DEPLOYMENT_TARGET = 17.0;
				LOCALIZATION_PREFERS_STRING_CATALOGS = YES;
				MTL_ENABLE_DEBUG_INFO = INCLUDE_SOURCE;
				MTL_FAST_MATH = YES;
				ONLY_ACTIVE_ARCH = YES;
				SDKROOT = iphoneos;
				SWIFT_ACTIVE_COMPILATION_CONDITIONS = "DEBUG $(inherited)";
				SWIFT_OPTIMIZATION_LEVEL = "-Onone";
			};
			name = Debug;
		};
		7FA2071B2C32F51800006189 /* Release */ = {
			isa = XCBuildConfiguration;
			buildSettings = {
				ALWAYS_SEARCH_USER_PATHS = NO;
				ASSETCATALOG_COMPILER_GENERATE_SWIFT_ASSET_SYMBOL_EXTENSIONS = YES;
				CLANG_ANALYZER_NONNULL = YES;
				CLANG_ANALYZER_NUMBER_OBJECT_CONVERSION = YES_AGGRESSIVE;
				CLANG_CXX_LANGUAGE_STANDARD = "gnu++20";
				CLANG_ENABLE_MODULES = YES;
				CLANG_ENABLE_OBJC_ARC = YES;
				CLANG_ENABLE_OBJC_WEAK = YES;
				CLANG_WARN_BLOCK_CAPTURE_AUTORELEASING = YES;
				CLANG_WARN_BOOL_CONVERSION = YES;
				CLANG_WARN_COMMA = YES;
				CLANG_WARN_CONSTANT_CONVERSION = YES;
				CLANG_WARN_DEPRECATED_OBJC_IMPLEMENTATIONS = YES;
				CLANG_WARN_DIRECT_OBJC_ISA_USAGE = YES_ERROR;
				CLANG_WARN_DOCUMENTATION_COMMENTS = YES;
				CLANG_WARN_EMPTY_BODY = YES;
				CLANG_WARN_ENUM_CONVERSION = YES;
				CLANG_WARN_INFINITE_RECURSION = YES;
				CLANG_WARN_INT_CONVERSION = YES;
				CLANG_WARN_NON_LITERAL_NULL_CONVERSION = YES;
				CLANG_WARN_OBJC_IMPLICIT_RETAIN_SELF = YES;
				CLANG_WARN_OBJC_LITERAL_CONVERSION = YES;
				CLANG_WARN_OBJC_ROOT_CLASS = YES_ERROR;
				CLANG_WARN_QUOTED_INCLUDE_IN_FRAMEWORK_HEADER = YES;
				CLANG_WARN_RANGE_LOOP_ANALYSIS = YES;
				CLANG_WARN_STRICT_PROTOTYPES = YES;
				CLANG_WARN_SUSPICIOUS_MOVE = YES;
				CLANG_WARN_UNGUARDED_AVAILABILITY = YES_AGGRESSIVE;
				CLANG_WARN_UNREACHABLE_CODE = YES;
				CLANG_WARN__DUPLICATE_METHOD_MATCH = YES;
				COPY_PHASE_STRIP = NO;
				DEBUG_INFORMATION_FORMAT = "dwarf-with-dsym";
				ENABLE_NS_ASSERTIONS = NO;
				ENABLE_STRICT_OBJC_MSGSEND = YES;
				ENABLE_USER_SCRIPT_SANDBOXING = YES;
				GCC_C_LANGUAGE_STANDARD = gnu17;
				GCC_NO_COMMON_BLOCKS = YES;
				GCC_WARN_64_TO_32_BIT_CONVERSION = YES;
				GCC_WARN_ABOUT_RETURN_TYPE = YES_ERROR;
				GCC_WARN_UNDECLARED_SELECTOR = YES;
				GCC_WARN_UNINITIALIZED_AUTOS = YES_AGGRESSIVE;
				GCC_WARN_UNUSED_FUNCTION = YES;
				GCC_WARN_UNUSED_VARIABLE = YES;
				IPHONEOS_DEPLOYMENT_TARGET = 17.0;
				LOCALIZATION_PREFERS_STRING_CATALOGS = YES;
				MTL_ENABLE_DEBUG_INFO = NO;
				MTL_FAST_MATH = YES;
				SDKROOT = iphoneos;
				SWIFT_COMPILATION_MODE = wholemodule;
				VALIDATE_PRODUCT = YES;
			};
			name = Release;
		};
		7FA2071D2C32F51800006189 /* Debug */ = {
			isa = XCBuildConfiguration;
			baseConfigurationReference = 53B76ACEF15805DCB298994A /* Pods-RealmUIkitApp.debug.xcconfig */;
			buildSettings = {
				ASSETCATALOG_COMPILER_APPICON_NAME = AppIcon;
				ASSETCATALOG_COMPILER_GLOBAL_ACCENT_COLOR_NAME = AccentColor;
				CODE_SIGN_STYLE = Automatic;
				CURRENT_PROJECT_VERSION = 1;
				DEVELOPMENT_TEAM = PPGW64ZB2J;
				ENABLE_USER_SCRIPT_SANDBOXING = NO;
				GENERATE_INFOPLIST_FILE = YES;
				INFOPLIST_FILE = RealmUIkitApp/Info.plist;
				INFOPLIST_KEY_UIApplicationSupportsIndirectInputEvents = YES;
				INFOPLIST_KEY_UILaunchStoryboardName = LaunchScreen;
				INFOPLIST_KEY_UIMainStoryboardFile = Main;
				INFOPLIST_KEY_UISupportedInterfaceOrientations_iPad = "UIInterfaceOrientationPortrait UIInterfaceOrientationPortraitUpsideDown UIInterfaceOrientationLandscapeLeft UIInterfaceOrientationLandscapeRight";
				INFOPLIST_KEY_UISupportedInterfaceOrientations_iPhone = "UIInterfaceOrientationPortrait UIInterfaceOrientationLandscapeLeft UIInterfaceOrientationLandscapeRight";
				LD_RUNPATH_SEARCH_PATHS = (
					"$(inherited)",
					"@executable_path/Frameworks",
				);
				MARKETING_VERSION = 1.0;
				PRODUCT_BUNDLE_IDENTIFIER = com.globaldatatek.RealmUIkitApp;
				PRODUCT_NAME = "$(TARGET_NAME)";
				SWIFT_EMIT_LOC_STRINGS = YES;
				SWIFT_VERSION = 5.0;
				TARGETED_DEVICE_FAMILY = "1,2";
			};
			name = Debug;
		};
		7FA2071E2C32F51800006189 /* Release */ = {
			isa = XCBuildConfiguration;
			baseConfigurationReference = F0F4C8730DCFDF69F6DC8F04 /* Pods-RealmUIkitApp.release.xcconfig */;
			buildSettings = {
				ASSETCATALOG_COMPILER_APPICON_NAME = AppIcon;
				ASSETCATALOG_COMPILER_GLOBAL_ACCENT_COLOR_NAME = AccentColor;
				CODE_SIGN_STYLE = Automatic;
				CURRENT_PROJECT_VERSION = 1;
				DEVELOPMENT_TEAM = PPGW64ZB2J;
				ENABLE_USER_SCRIPT_SANDBOXING = NO;
				GENERATE_INFOPLIST_FILE = YES;
				INFOPLIST_FILE = RealmUIkitApp/Info.plist;
				INFOPLIST_KEY_UIApplicationSupportsIndirectInputEvents = YES;
				INFOPLIST_KEY_UILaunchStoryboardName = LaunchScreen;
				INFOPLIST_KEY_UIMainStoryboardFile = Main;
				INFOPLIST_KEY_UISupportedInterfaceOrientations_iPad = "UIInterfaceOrientationPortrait UIInterfaceOrientationPortraitUpsideDown UIInterfaceOrientationLandscapeLeft UIInterfaceOrientationLandscapeRight";
				INFOPLIST_KEY_UISupportedInterfaceOrientations_iPhone = "UIInterfaceOrientationPortrait UIInterfaceOrientationLandscapeLeft UIInterfaceOrientationLandscapeRight";
				LD_RUNPATH_SEARCH_PATHS = (
					"$(inherited)",
					"@executable_path/Frameworks",
				);
				MARKETING_VERSION = 1.0;
				PRODUCT_BUNDLE_IDENTIFIER = com.globaldatatek.RealmUIkitApp;
				PRODUCT_NAME = "$(TARGET_NAME)";
				SWIFT_EMIT_LOC_STRINGS = YES;
				SWIFT_VERSION = 5.0;
				TARGETED_DEVICE_FAMILY = "1,2";
			};
			name = Release;
		};
/* End XCBuildConfiguration section */

/* Begin XCConfigurationList section */
		7FA207032C32F51400006189 /* Build configuration list for PBXProject "RealmUIkitApp" */ = {
			isa = XCConfigurationList;
			buildConfigurations = (
				7FA2071A2C32F51800006189 /* Debug */,
				7FA2071B2C32F51800006189 /* Release */,
			);
			defaultConfigurationIsVisible = 0;
			defaultConfigurationName = Release;
		};
		7FA2071C2C32F51800006189 /* Build configuration list for PBXNativeTarget "RealmUIkitApp" */ = {
			isa = XCConfigurationList;
			buildConfigurations = (
				7FA2071D2C32F51800006189 /* Debug */,
				7FA2071E2C32F51800006189 /* Release */,
			);
			defaultConfigurationIsVisible = 0;
			defaultConfigurationName = Release;
		};
/* End XCConfigurationList section */

/* Begin XCRemoteSwiftPackageReference section */
		7FA2071F2C32F82800006189 /* XCRemoteSwiftPackageReference "realm-swift" */ = {
			isa = XCRemoteSwiftPackageReference;
			repositoryURL = "https://github.com/realm/realm-swift.git";
			requirement = {
				branch = master;
				kind = branch;
			};
		};
/* End XCRemoteSwiftPackageReference section */
	};
	rootObject = 7FA207002C32F51400006189 /* Project object */;
}
